
Microsoft Visual Studio Solution File, Format Version 12.00
# Visual Studio Version 17
VisualStudioVersion = 17.11.35222.181
MinimumVisualStudioVersion = 10.0.40219.1
Project("{9A19103F-16F7-4668-BE54-9A1E7A4F7556}") = "MvcMovie", "MvcMovie\MvcMovie.csproj", "{17041192-8DBE-46D0-948D-7522918C3A1B}"
EndProject
Project("{9A19103F-16F7-4668-BE54-9A1E7A4F7556}") = "Lab0", "Z:\Desktop\Lab0\Lab0\Lab0.csproj", "{822A0936-FB85-40B1-8264-52B690F3C24F}"
EndProject
Global
	GlobalSection(SolutionConfigurationPlatforms) = preSolution
		Debug|Any CPU = Debug|Any CPU
		Release|Any CPU = Release|Any CPU
	EndGlobalSection
	GlobalSection(ProjectConfigurationPlatforms) = postSolution
		{17041192-8DBE-46D0-948D-7522918C3A1B}.Debug|Any CPU.ActiveCfg = Debug|Any CPU
		{17041192-8DBE-46D0-948D-7522918C3A1B}.Debug|Any CPU.Build.0 = Debug|Any CPU
		{17041192-8DBE-46D0-948D-7522918C3A1B}.Release|Any CPU.ActiveCfg = Release|Any CPU
		{17041192-8DBE-46D0-948D-7522918C3A1B}.Release|Any CPU.Build.0 = Release|Any CPU
		{822A0936-FB85-40B1-8264-52B690F3C24F}.Debug|Any CPU.ActiveCfg = Debug|Any CPU
		{822A0936-FB85-40B1-8264-52B690F3C24F}.Debug|Any CPU.Build.0 = Debug|Any CPU
		{822A0936-FB85-40B1-8264-52B690F3C24F}.Release|Any CPU.ActiveCfg = Release|Any CPU
		{822A0936-FB85-40B1-8264-52B690F3C24F}.Release|Any CPU.Build.0 = Release|Any CPU
	EndGlobalSection
	GlobalSection(SolutionProperties) = preSolution
		HideSolutionNode = FALSE
	EndGlobalSection
	GlobalSection(ExtensibilityGlobals) = postSolution
		SolutionGuid = {0F971644-F946-4C59-8115-7615C6FFC98F}
	EndGlobalSection
EndGlobal
